
Microsoft Visual Studio Solution File, Format Version 12.00
# Visual Studio Version 17
VisualStudioVersion = 17.14.36429.23 d17.14
MinimumVisualStudioVersion = 10.0.40219.1
Project("{888888A0-9F3D-457C-B088-3A5042F75D52}") = "Backend", "Backend\Backend.pyproj", "{61FD650D-E447-466A-8D9D-45D615DC279F}"
EndProject
Global
	GlobalSection(SolutionConfigurationPlatforms) = preSolution
		Debug|Any CPU = Debug|Any CPU
		Release|Any CPU = Release|Any CPU
	EndGlobalSection
	GlobalSection(ProjectConfigurationPlatforms) = postSolution
		{61FD650D-E447-466A-8D9D-45D615DC279F}.Debug|Any CPU.ActiveCfg = Debug|Any CPU
		{61FD650D-E447-466A-8D9D-45D615DC279F}.Debug|Any CPU.Build.0 = Debug|Any CPU
		{61FD650D-E447-466A-8D9D-45D615DC279F}.Release|Any CPU.ActiveCfg = Release|Any CPU
		{61FD650D-E447-466A-8D9D-45D615DC279F}.Release|Any CPU.Build.0 = Release|Any CPU
	EndGlobalSection
	GlobalSection(SolutionProperties) = preSolution
		HideSolutionNode = FALSE
	EndGlobalSection
	GlobalSection(ExtensibilityGlobals) = postSolution
		SolutionGuid = {EFD3DE54-7250-4783-B3FE-74C337829A2A}
	EndGlobalSection
EndGlobal
